
Microsoft Visual Studio Solution File, Format Version 12.00
# Visual Studio Version 17
VisualStudioVersion = 17.11.35222.181
MinimumVisualStudioVersion = 10.0.40219.1
Project("{FAE04EC0-301F-11D3-BF4B-00C04F79EFBC}") = "WindowsFormsApp13", "WindowsFormsApp13\WindowsFormsApp13.csproj", "{0C392065-41CE-45A8-AF7E-DBE8AFF8CE7C}"
EndProject
Global
	GlobalSection(SolutionConfigurationPlatforms) = preSolution
		Debug|Any CPU = Debug|Any CPU
		Release|Any CPU = Release|Any CPU
	EndGlobalSection
	GlobalSection(ProjectConfigurationPlatforms) = postSolution
		{0C392065-41CE-45A8-AF7E-DBE8AFF8CE7C}.Debug|Any CPU.ActiveCfg = Debug|Any CPU
		{0C392065-41CE-45A8-AF7E-DBE8AFF8CE7C}.Debug|Any CPU.Build.0 = Debug|Any CPU
		{0C392065-41CE-45A8-AF7E-DBE8AFF8CE7C}.Release|Any CPU.ActiveCfg = Release|Any CPU
		{0C392065-41CE-45A8-AF7E-DBE8AFF8CE7C}.Release|Any CPU.Build.0 = Release|Any CPU
	EndGlobalSection
	GlobalSection(SolutionProperties) = preSolution
		HideSolutionNode = FALSE
	EndGlobalSection
	GlobalSection(ExtensibilityGlobals) = postSolution
		SolutionGuid = {A633BB4A-7643-41DD-BD17-6F7FB33AFFA4}
	EndGlobalSection
EndGlobal
